// !$*UTF8*$!
{
	archiveVersion = 1;
	classes = {
	};
	objectVersion = 56;
	objects = {

/* Begin PBXBuildFile section */
		1429BCB0296522EA00B3AA30 /* ImageLoader.swift in Sources */ = {isa = PBXBuildFile; fileRef = 1429BCAF296522EA00B3AA30 /* ImageLoader.swift */; };
		147A78D9295C9D1D00882623 /* AppDelegate.swift in Sources */ = {isa = PBXBuildFile; fileRef = 147A78D8295C9D1D00882623 /* AppDelegate.swift */; };
		147A78DB295C9D1D00882623 /* SceneDelegate.swift in Sources */ = {isa = PBXBuildFile; fileRef = 147A78DA295C9D1D00882623 /* SceneDelegate.swift */; };
		147A78DD295C9D1D00882623 /* RMTabBarController.swift in Sources */ = {isa = PBXBuildFile; fileRef = 147A78DC295C9D1D00882623 /* RMTabBarController.swift */; };
		147A78E0295C9D1D00882623 /* Main.storyboard in Resources */ = {isa = PBXBuildFile; fileRef = 147A78DE295C9D1D00882623 /* Main.storyboard */; };
		147A78E2295C9D2000882623 /* Assets.xcassets in Resources */ = {isa = PBXBuildFile; fileRef = 147A78E1295C9D2000882623 /* Assets.xcassets */; };
		147A78E5295C9D2000882623 /* LaunchScreen.storyboard in Resources */ = {isa = PBXBuildFile; fileRef = 147A78E3295C9D2000882623 /* LaunchScreen.storyboard */; };
		147A78F4295CA5BE00882623 /* Location.swift in Sources */ = {isa = PBXBuildFile; fileRef = 147A78F3295CA5BE00882623 /* Location.swift */; };
		147A78F6295CA5CF00882623 /* Character.swift in Sources */ = {isa = PBXBuildFile; fileRef = 147A78F5295CA5CF00882623 /* Character.swift */; };
		147A78F8295CA5D600882623 /* Episode.swift in Sources */ = {isa = PBXBuildFile; fileRef = 147A78F7295CA5D600882623 /* Episode.swift */; };
		147A78FB295CB76000882623 /* LocationViewController.swift in Sources */ = {isa = PBXBuildFile; fileRef = 147A78FA295CB76000882623 /* LocationViewController.swift */; };
		147A78FD295CB76800882623 /* CharacterViewController.swift in Sources */ = {isa = PBXBuildFile; fileRef = 147A78FC295CB76800882623 /* CharacterViewController.swift */; };
		147A78FF295CB77E00882623 /* EpisodeViewController.swift in Sources */ = {isa = PBXBuildFile; fileRef = 147A78FE295CB77E00882623 /* EpisodeViewController.swift */; };
		147A7901295CB78700882623 /* SettingsViewController.swift in Sources */ = {isa = PBXBuildFile; fileRef = 147A7900295CB78700882623 /* SettingsViewController.swift */; };
		147A7903295CE1A000882623 /* Service.swift in Sources */ = {isa = PBXBuildFile; fileRef = 147A7902295CE1A000882623 /* Service.swift */; };
		147A7905295CE1B500882623 /* RMRequest.swift in Sources */ = {isa = PBXBuildFile; fileRef = 147A7904295CE1B500882623 /* RMRequest.swift */; };
		147A7907295CE22900882623 /* Endpoint.swift in Sources */ = {isa = PBXBuildFile; fileRef = 147A7906295CE22900882623 /* Endpoint.swift */; };
		147A790B295D411C00882623 /* GetAllCharactersResponse.swift in Sources */ = {isa = PBXBuildFile; fileRef = 147A790A295D411C00882623 /* GetAllCharactersResponse.swift */; };
		147A790D295D47A500882623 /* CharacterListViewViewModel.swift in Sources */ = {isa = PBXBuildFile; fileRef = 147A790C295D47A500882623 /* CharacterListViewViewModel.swift */; };
		147A790F295D480000882623 /* CharacterListView.swift in Sources */ = {isa = PBXBuildFile; fileRef = 147A790E295D480000882623 /* CharacterListView.swift */; };
		147A7911295D490700882623 /* UIView+Extensions.swift in Sources */ = {isa = PBXBuildFile; fileRef = 147A7910295D490700882623 /* UIView+Extensions.swift */; };
		147A7913295D495400882623 /* CodeView.swift in Sources */ = {isa = PBXBuildFile; fileRef = 147A7912295D495400882623 /* CodeView.swift */; };
		147A7915295DFD2D00882623 /* CharactersCollectionViewCell.swift in Sources */ = {isa = PBXBuildFile; fileRef = 147A7914295DFD2D00882623 /* CharactersCollectionViewCell.swift */; };
		147A7917295DFDDA00882623 /* CharacterCollectionViewCellViewModel.swift in Sources */ = {isa = PBXBuildFile; fileRef = 147A7916295DFDDA00882623 /* CharacterCollectionViewCellViewModel.swift */; };
		14BA17D32971CC1200161120 /* CharacterPhotoCollectionViewCell.swift in Sources */ = {isa = PBXBuildFile; fileRef = 14BA17D22971CC1200161120 /* CharacterPhotoCollectionViewCell.swift */; };
		14BA17D52971CC2F00161120 /* CharacterInfoCollectionViewCell.swift in Sources */ = {isa = PBXBuildFile; fileRef = 14BA17D42971CC2F00161120 /* CharacterInfoCollectionViewCell.swift */; };
		14BA17D72971CC3B00161120 /* CharacterEpisodeCollectionViewCell.swift in Sources */ = {isa = PBXBuildFile; fileRef = 14BA17D62971CC3B00161120 /* CharacterEpisodeCollectionViewCell.swift */; };
		14BA17DB2971CCE200161120 /* CharacterPhotoCollectionViewCellViewModel.swift in Sources */ = {isa = PBXBuildFile; fileRef = 14BA17DA2971CCE200161120 /* CharacterPhotoCollectionViewCellViewModel.swift */; };
		14BA17DD2971CCF700161120 /* CharacterInfoCollectionViewCellViewModel.swift in Sources */ = {isa = PBXBuildFile; fileRef = 14BA17DC2971CCF700161120 /* CharacterInfoCollectionViewCellViewModel.swift */; };
		14BA17DF2971CD0700161120 /* CharacterEpisodeCollectionViewCellViewModel.swift in Sources */ = {isa = PBXBuildFile; fileRef = 14BA17DE2971CD0700161120 /* CharacterEpisodeCollectionViewCellViewModel.swift */; };
		14D0FCE82960D0D700F7F64D /* CharacterDetailViewController.swift in Sources */ = {isa = PBXBuildFile; fileRef = 14D0FCE72960D0D700F7F64D /* CharacterDetailViewController.swift */; };
		14D0FCEA2960D19200F7F64D /* CharacterDetailView.swift in Sources */ = {isa = PBXBuildFile; fileRef = 14D0FCE92960D19200F7F64D /* CharacterDetailView.swift */; };
		14D0FCEC2960D1B700F7F64D /* CharacterDetailViewViewModel.swift in Sources */ = {isa = PBXBuildFile; fileRef = 14D0FCEB2960D1B700F7F64D /* CharacterDetailViewViewModel.swift */; };
		14D971192962107900CB9198 /* FooterLoadingCollectionReusableView.swift in Sources */ = {isa = PBXBuildFile; fileRef = 14D971182962107900CB9198 /* FooterLoadingCollectionReusableView.swift */; };
/* End PBXBuildFile section */

/* Begin PBXFileReference section */
		1429BCAF296522EA00B3AA30 /* ImageLoader.swift */ = {isa = PBXFileReference; lastKnownFileType = sourcecode.swift; path = ImageLoader.swift; sourceTree = "<group>"; };
		147A78D5295C9D1D00882623 /* RickAndMorty.app */ = {isa = PBXFileReference; explicitFileType = wrapper.application; includeInIndex = 0; path = RickAndMorty.app; sourceTree = BUILT_PRODUCTS_DIR; };
		147A78D8295C9D1D00882623 /* AppDelegate.swift */ = {isa = PBXFileReference; lastKnownFileType = sourcecode.swift; path = AppDelegate.swift; sourceTree = "<group>"; };
		147A78DA295C9D1D00882623 /* SceneDelegate.swift */ = {isa = PBXFileReference; lastKnownFileType = sourcecode.swift; path = SceneDelegate.swift; sourceTree = "<group>"; };
		147A78DC295C9D1D00882623 /* RMTabBarController.swift */ = {isa = PBXFileReference; lastKnownFileType = sourcecode.swift; path = RMTabBarController.swift; sourceTree = "<group>"; };
		147A78DF295C9D1D00882623 /* Base */ = {isa = PBXFileReference; lastKnownFileType = file.storyboard; name = Base; path = Base.lproj/Main.storyboard; sourceTree = "<group>"; };
		147A78E1295C9D2000882623 /* Assets.xcassets */ = {isa = PBXFileReference; lastKnownFileType = folder.assetcatalog; path = Assets.xcassets; sourceTree = "<group>"; };
		147A78E4295C9D2000882623 /* Base */ = {isa = PBXFileReference; lastKnownFileType = file.storyboard; name = Base; path = Base.lproj/LaunchScreen.storyboard; sourceTree = "<group>"; };
		147A78E6295C9D2000882623 /* Info.plist */ = {isa = PBXFileReference; lastKnownFileType = text.plist.xml; path = Info.plist; sourceTree = "<group>"; };
		147A78F3295CA5BE00882623 /* Location.swift */ = {isa = PBXFileReference; lastKnownFileType = sourcecode.swift; path = Location.swift; sourceTree = "<group>"; };
		147A78F5295CA5CF00882623 /* Character.swift */ = {isa = PBXFileReference; lastKnownFileType = sourcecode.swift; path = Character.swift; sourceTree = "<group>"; };
		147A78F7295CA5D600882623 /* Episode.swift */ = {isa = PBXFileReference; lastKnownFileType = sourcecode.swift; path = Episode.swift; sourceTree = "<group>"; };
		147A78FA295CB76000882623 /* LocationViewController.swift */ = {isa = PBXFileReference; lastKnownFileType = sourcecode.swift; path = LocationViewController.swift; sourceTree = "<group>"; };
		147A78FC295CB76800882623 /* CharacterViewController.swift */ = {isa = PBXFileReference; lastKnownFileType = sourcecode.swift; path = CharacterViewController.swift; sourceTree = "<group>"; };
		147A78FE295CB77E00882623 /* EpisodeViewController.swift */ = {isa = PBXFileReference; lastKnownFileType = sourcecode.swift; path = EpisodeViewController.swift; sourceTree = "<group>"; };
		147A7900295CB78700882623 /* SettingsViewController.swift */ = {isa = PBXFileReference; lastKnownFileType = sourcecode.swift; path = SettingsViewController.swift; sourceTree = "<group>"; };
		147A7902295CE1A000882623 /* Service.swift */ = {isa = PBXFileReference; lastKnownFileType = sourcecode.swift; path = Service.swift; sourceTree = "<group>"; };
		147A7904295CE1B500882623 /* RMRequest.swift */ = {isa = PBXFileReference; lastKnownFileType = sourcecode.swift; path = RMRequest.swift; sourceTree = "<group>"; };
		147A7906295CE22900882623 /* Endpoint.swift */ = {isa = PBXFileReference; lastKnownFileType = sourcecode.swift; path = Endpoint.swift; sourceTree = "<group>"; };
		147A790A295D411C00882623 /* GetAllCharactersResponse.swift */ = {isa = PBXFileReference; lastKnownFileType = sourcecode.swift; path = GetAllCharactersResponse.swift; sourceTree = "<group>"; };
		147A790C295D47A500882623 /* CharacterListViewViewModel.swift */ = {isa = PBXFileReference; lastKnownFileType = sourcecode.swift; path = CharacterListViewViewModel.swift; sourceTree = "<group>"; };
		147A790E295D480000882623 /* CharacterListView.swift */ = {isa = PBXFileReference; lastKnownFileType = sourcecode.swift; path = CharacterListView.swift; sourceTree = "<group>"; };
		147A7910295D490700882623 /* UIView+Extensions.swift */ = {isa = PBXFileReference; lastKnownFileType = sourcecode.swift; path = "UIView+Extensions.swift"; sourceTree = "<group>"; };
		147A7912295D495400882623 /* CodeView.swift */ = {isa = PBXFileReference; lastKnownFileType = sourcecode.swift; path = CodeView.swift; sourceTree = "<group>"; };
		147A7914295DFD2D00882623 /* CharactersCollectionViewCell.swift */ = {isa = PBXFileReference; lastKnownFileType = sourcecode.swift; path = CharactersCollectionViewCell.swift; sourceTree = "<group>"; };
		147A7916295DFDDA00882623 /* CharacterCollectionViewCellViewModel.swift */ = {isa = PBXFileReference; lastKnownFileType = sourcecode.swift; path = CharacterCollectionViewCellViewModel.swift; sourceTree = "<group>"; };
		14BA17D22971CC1200161120 /* CharacterPhotoCollectionViewCell.swift */ = {isa = PBXFileReference; lastKnownFileType = sourcecode.swift; path = CharacterPhotoCollectionViewCell.swift; sourceTree = "<group>"; };
		14BA17D42971CC2F00161120 /* CharacterInfoCollectionViewCell.swift */ = {isa = PBXFileReference; lastKnownFileType = sourcecode.swift; path = CharacterInfoCollectionViewCell.swift; sourceTree = "<group>"; };
		14BA17D62971CC3B00161120 /* CharacterEpisodeCollectionViewCell.swift */ = {isa = PBXFileReference; lastKnownFileType = sourcecode.swift; path = CharacterEpisodeCollectionViewCell.swift; sourceTree = "<group>"; };
		14BA17DA2971CCE200161120 /* CharacterPhotoCollectionViewCellViewModel.swift */ = {isa = PBXFileReference; lastKnownFileType = sourcecode.swift; path = CharacterPhotoCollectionViewCellViewModel.swift; sourceTree = "<group>"; };
		14BA17DC2971CCF700161120 /* CharacterInfoCollectionViewCellViewModel.swift */ = {isa = PBXFileReference; lastKnownFileType = sourcecode.swift; path = CharacterInfoCollectionViewCellViewModel.swift; sourceTree = "<group>"; };
		14BA17DE2971CD0700161120 /* CharacterEpisodeCollectionViewCellViewModel.swift */ = {isa = PBXFileReference; lastKnownFileType = sourcecode.swift; path = CharacterEpisodeCollectionViewCellViewModel.swift; sourceTree = "<group>"; };
		14D0FCE72960D0D700F7F64D /* CharacterDetailViewController.swift */ = {isa = PBXFileReference; lastKnownFileType = sourcecode.swift; path = CharacterDetailViewController.swift; sourceTree = "<group>"; };
		14D0FCE92960D19200F7F64D /* CharacterDetailView.swift */ = {isa = PBXFileReference; lastKnownFileType = sourcecode.swift; path = CharacterDetailView.swift; sourceTree = "<group>"; };
		14D0FCEB2960D1B700F7F64D /* CharacterDetailViewViewModel.swift */ = {isa = PBXFileReference; lastKnownFileType = sourcecode.swift; path = CharacterDetailViewViewModel.swift; sourceTree = "<group>"; };
		14D971182962107900CB9198 /* FooterLoadingCollectionReusableView.swift */ = {isa = PBXFileReference; lastKnownFileType = sourcecode.swift; path = FooterLoadingCollectionReusableView.swift; sourceTree = "<group>"; };
/* End PBXFileReference section */

/* Begin PBXFrameworksBuildPhase section */
		147A78D2295C9D1D00882623 /* Frameworks */ = {
			isa = PBXFrameworksBuildPhase;
			buildActionMask = 2147483647;
			files = (
			);
			runOnlyForDeploymentPostprocessing = 0;
		};
/* End PBXFrameworksBuildPhase section */

/* Begin PBXGroup section */
		147A78CC295C9D1D00882623 = {
			isa = PBXGroup;
			children = (
				147A78D7295C9D1D00882623 /* RickAndMorty */,
				147A78D6295C9D1D00882623 /* Products */,
			);
			sourceTree = "<group>";
		};
		147A78D6295C9D1D00882623 /* Products */ = {
			isa = PBXGroup;
			children = (
				147A78D5295C9D1D00882623 /* RickAndMorty.app */,
			);
			name = Products;
			sourceTree = "<group>";
		};
		147A78D7295C9D1D00882623 /* RickAndMorty */ = {
			isa = PBXGroup;
			children = (
				147A78F2295CA50500882623 /* Resources */,
				147A78F1295CA4FC00882623 /* Managers */,
				147A78F0295CA4ED00882623 /* Network */,
				147A78ED295CA4AF00882623 /* Model */,
				147A78EF295CA4D400882623 /* View */,
				147A78EE295CA4B600882623 /* ViewModel */,
				147A78EC295CA49800882623 /* Controllers */,
				147A78DE295C9D1D00882623 /* Main.storyboard */,
				147A78E6295C9D2000882623 /* Info.plist */,
			);
			path = RickAndMorty;
			sourceTree = "<group>";
		};
		147A78EC295CA49800882623 /* Controllers */ = {
			isa = PBXGroup;
			children = (
				147A78F9295CA68A00882623 /* Core */,
				14D0FCE62960D0B300F7F64D /* Other */,
			);
			name = Controllers;
			sourceTree = "<group>";
		};
		147A78ED295CA4AF00882623 /* Model */ = {
			isa = PBXGroup;
			children = (
				147A7909295D40FF00882623 /* APIResponseTypes */,
				147A7908295D40F000882623 /* DataTypes */,
			);
			name = Model;
			sourceTree = "<group>";
		};
		147A78EE295CA4B600882623 /* ViewModel */ = {
			isa = PBXGroup;
			children = (
				147A790C295D47A500882623 /* CharacterListViewViewModel.swift */,
				147A7916295DFDDA00882623 /* CharacterCollectionViewCellViewModel.swift */,
				14BA17D92971CC9400161120 /* CharacterDetail */,
			);
			name = ViewModel;
			sourceTree = "<group>";
		};
		147A78EF295CA4D400882623 /* View */ = {
			isa = PBXGroup;
			children = (
				14BA17D12971CBE000161120 /* Character */,
				147A790E295D480000882623 /* CharacterListView.swift */,
				147A7914295DFD2D00882623 /* CharactersCollectionViewCell.swift */,
				14BA17D02971CB8100161120 /* CharacterDetails */,
				14BA17D82971CC5600161120 /* Footer */,
			);
			name = View;
			sourceTree = "<group>";
		};
		147A78F0295CA4ED00882623 /* Network */ = {
			isa = PBXGroup;
			children = (
				147A7902295CE1A000882623 /* Service.swift */,
				147A7904295CE1B500882623 /* RMRequest.swift */,
				147A7906295CE22900882623 /* Endpoint.swift */,
			);
			name = Network;
			sourceTree = "<group>";
		};
		147A78F1295CA4FC00882623 /* Managers */ = {
			isa = PBXGroup;
			children = (
				147A7910295D490700882623 /* UIView+Extensions.swift */,
				147A7912295D495400882623 /* CodeView.swift */,
				1429BCAF296522EA00B3AA30 /* ImageLoader.swift */,
			);
			name = Managers;
			sourceTree = "<group>";
		};
		147A78F2295CA50500882623 /* Resources */ = {
			isa = PBXGroup;
			children = (
				147A78D8295C9D1D00882623 /* AppDelegate.swift */,
				147A78DA295C9D1D00882623 /* SceneDelegate.swift */,
				147A78E1295C9D2000882623 /* Assets.xcassets */,
				147A78E3295C9D2000882623 /* LaunchScreen.storyboard */,
			);
			name = Resources;
			sourceTree = "<group>";
		};
		147A78F9295CA68A00882623 /* Core */ = {
			isa = PBXGroup;
			children = (
				147A78DC295C9D1D00882623 /* RMTabBarController.swift */,
				147A78FC295CB76800882623 /* CharacterViewController.swift */,
				147A78FA295CB76000882623 /* LocationViewController.swift */,
				147A78FE295CB77E00882623 /* EpisodeViewController.swift */,
				147A7900295CB78700882623 /* SettingsViewController.swift */,
			);
			name = Core;
			sourceTree = "<group>";
		};
		147A7908295D40F000882623 /* DataTypes */ = {
			isa = PBXGroup;
			children = (
				147A78F3295CA5BE00882623 /* Location.swift */,
				147A78F5295CA5CF00882623 /* Character.swift */,
				147A78F7295CA5D600882623 /* Episode.swift */,
			);
			name = DataTypes;
			sourceTree = "<group>";
		};
		147A7909295D40FF00882623 /* APIResponseTypes */ = {
			isa = PBXGroup;
			children = (
				147A790A295D411C00882623 /* GetAllCharactersResponse.swift */,
			);
			name = APIResponseTypes;
			sourceTree = "<group>";
		};
		14BA17D02971CB8100161120 /* CharacterDetails */ = {
			isa = PBXGroup;
			children = (
				14D0FCE92960D19200F7F64D /* CharacterDetailView.swift */,
				14BA17D22971CC1200161120 /* CharacterPhotoCollectionViewCell.swift */,
				14BA17D42971CC2F00161120 /* CharacterInfoCollectionViewCell.swift */,
				14BA17D62971CC3B00161120 /* CharacterEpisodeCollectionViewCell.swift */,
			);
			name = CharacterDetails;
			sourceTree = "<group>";
		};
		14BA17D12971CBE000161120 /* Character */ = {
			isa = PBXGroup;
			children = (
			);
			path = Character;
			sourceTree = "<group>";
		};
		14BA17D82971CC5600161120 /* Footer */ = {
			isa = PBXGroup;
			children = (
				14D971182962107900CB9198 /* FooterLoadingCollectionReusableView.swift */,
			);
			path = Footer;
			sourceTree = "<group>";
		};
		14BA17D92971CC9400161120 /* CharacterDetail */ = {
			isa = PBXGroup;
			children = (
				14D0FCEB2960D1B700F7F64D /* CharacterDetailViewViewModel.swift */,
				14BA17DA2971CCE200161120 /* CharacterPhotoCollectionViewCellViewModel.swift */,
				14BA17DC2971CCF700161120 /* CharacterInfoCollectionViewCellViewModel.swift */,
				14BA17DE2971CD0700161120 /* CharacterEpisodeCollectionViewCellViewModel.swift */,
			);
			name = CharacterDetail;
			sourceTree = "<group>";
		};
		14D0FCE62960D0B300F7F64D /* Other */ = {
			isa = PBXGroup;
			children = (
				14D0FCE72960D0D700F7F64D /* CharacterDetailViewController.swift */,
			);
			name = Other;
			sourceTree = "<group>";
		};
/* End PBXGroup section */

/* Begin PBXNativeTarget section */
		147A78D4295C9D1D00882623 /* RickAndMorty */ = {
			isa = PBXNativeTarget;
			buildConfigurationList = 147A78E9295C9D2000882623 /* Build configuration list for PBXNativeTarget "RickAndMorty" */;
			buildPhases = (
				147A78D1295C9D1D00882623 /* Sources */,
				147A78D2295C9D1D00882623 /* Frameworks */,
				147A78D3295C9D1D00882623 /* Resources */,
			);
			buildRules = (
			);
			dependencies = (
			);
			name = RickAndMorty;
			productName = RickAndMorty;
			productReference = 147A78D5295C9D1D00882623 /* RickAndMorty.app */;
			productType = "com.apple.product-type.application";
		};
/* End PBXNativeTarget section */

/* Begin PBXProject section */
		147A78CD295C9D1D00882623 /* Project object */ = {
			isa = PBXProject;
			attributes = {
				BuildIndependentTargetsInParallel = 1;
				LastSwiftUpdateCheck = 1420;
				LastUpgradeCheck = 1420;
				TargetAttributes = {
					147A78D4295C9D1D00882623 = {
						CreatedOnToolsVersion = 14.2;
					};
				};
			};
			buildConfigurationList = 147A78D0295C9D1D00882623 /* Build configuration list for PBXProject "RickAndMorty" */;
			compatibilityVersion = "Xcode 14.0";
			developmentRegion = en;
			hasScannedForEncodings = 0;
			knownRegions = (
				en,
				Base,
			);
			mainGroup = 147A78CC295C9D1D00882623;
			productRefGroup = 147A78D6295C9D1D00882623 /* Products */;
			projectDirPath = "";
			projectRoot = "";
			targets = (
				147A78D4295C9D1D00882623 /* RickAndMorty */,
			);
		};
/* End PBXProject section */

/* Begin PBXResourcesBuildPhase section */
		147A78D3295C9D1D00882623 /* Resources */ = {
			isa = PBXResourcesBuildPhase;
			buildActionMask = 2147483647;
			files = (
				147A78E5295C9D2000882623 /* LaunchScreen.storyboard in Resources */,
				147A78E2295C9D2000882623 /* Assets.xcassets in Resources */,
				147A78E0295C9D1D00882623 /* Main.storyboard in Resources */,
			);
			runOnlyForDeploymentPostprocessing = 0;
		};
/* End PBXResourcesBuildPhase section */

/* Begin PBXSourcesBuildPhase section */
		147A78D1295C9D1D00882623 /* Sources */ = {
			isa = PBXSourcesBuildPhase;
			buildActionMask = 2147483647;
			files = (
				147A78FB295CB76000882623 /* LocationViewController.swift in Sources */,
				14BA17DB2971CCE200161120 /* CharacterPhotoCollectionViewCellViewModel.swift in Sources */,
				14D0FCEA2960D19200F7F64D /* CharacterDetailView.swift in Sources */,
				147A7917295DFDDA00882623 /* CharacterCollectionViewCellViewModel.swift in Sources */,
				147A78FF295CB77E00882623 /* EpisodeViewController.swift in Sources */,
				147A78DD295C9D1D00882623 /* RMTabBarController.swift in Sources */,
				14D0FCE82960D0D700F7F64D /* CharacterDetailViewController.swift in Sources */,
				147A7907295CE22900882623 /* Endpoint.swift in Sources */,
				14BA17D32971CC1200161120 /* CharacterPhotoCollectionViewCell.swift in Sources */,
				147A7901295CB78700882623 /* SettingsViewController.swift in Sources */,
				14D0FCEC2960D1B700F7F64D /* CharacterDetailViewViewModel.swift in Sources */,
				147A78F8295CA5D600882623 /* Episode.swift in Sources */,
				147A7915295DFD2D00882623 /* CharactersCollectionViewCell.swift in Sources */,
				147A790F295D480000882623 /* CharacterListView.swift in Sources */,
				147A78D9295C9D1D00882623 /* AppDelegate.swift in Sources */,
				147A78FD295CB76800882623 /* CharacterViewController.swift in Sources */,
				147A7913295D495400882623 /* CodeView.swift in Sources */,
				147A78F6295CA5CF00882623 /* Character.swift in Sources */,
				147A790B295D411C00882623 /* GetAllCharactersResponse.swift in Sources */,
				1429BCB0296522EA00B3AA30 /* ImageLoader.swift in Sources */,
				147A7903295CE1A000882623 /* Service.swift in Sources */,
				14BA17DD2971CCF700161120 /* CharacterInfoCollectionViewCellViewModel.swift in Sources */,
				147A7911295D490700882623 /* UIView+Extensions.swift in Sources */,
				14D971192962107900CB9198 /* FooterLoadingCollectionReusableView.swift in Sources */,
				147A78F4295CA5BE00882623 /* Location.swift in Sources */,
				147A7905295CE1B500882623 /* RMRequest.swift in Sources */,
				14BA17D72971CC3B00161120 /* CharacterEpisodeCollectionViewCell.swift in Sources */,
				14BA17D52971CC2F00161120 /* CharacterInfoCollectionViewCell.swift in Sources */,
				147A790D295D47A500882623 /* CharacterListViewViewModel.swift in Sources */,
				14BA17DF2971CD0700161120 /* CharacterEpisodeCollectionViewCellViewModel.swift in Sources */,
				147A78DB295C9D1D00882623 /* SceneDelegate.swift in Sources */,
			);
			runOnlyForDeploymentPostprocessing = 0;
		};
/* End PBXSourcesBuildPhase section */

/* Begin PBXVariantGroup section */
		147A78DE295C9D1D00882623 /* Main.storyboard */ = {
			isa = PBXVariantGroup;
			children = (
				147A78DF295C9D1D00882623 /* Base */,
			);
			name = Main.storyboard;
			sourceTree = "<group>";
		};
		147A78E3295C9D2000882623 /* LaunchScreen.storyboard */ = {
			isa = PBXVariantGroup;
			children = (
				147A78E4295C9D2000882623 /* Base */,
			);
			name = LaunchScreen.storyboard;
			sourceTree = "<group>";
		};
/* End PBXVariantGroup section */

/* Begin XCBuildConfiguration section */
		147A78E7295C9D2000882623 /* Debug */ = {
			isa = XCBuildConfiguration;
			buildSettings = {
				ALWAYS_SEARCH_USER_PATHS = NO;
				CLANG_ANALYZER_NONNULL = YES;
				CLANG_ANALYZER_NUMBER_OBJECT_CONVERSION = YES_AGGRESSIVE;
				CLANG_CXX_LANGUAGE_STANDARD = "gnu++20";
				CLANG_ENABLE_MODULES = YES;
				CLANG_ENABLE_OBJC_ARC = YES;
				CLANG_ENABLE_OBJC_WEAK = YES;
				CLANG_WARN_BLOCK_CAPTURE_AUTORELEASING = YES;
				CLANG_WARN_BOOL_CONVERSION = YES;
				CLANG_WARN_COMMA = YES;
				CLANG_WARN_CONSTANT_CONVERSION = YES;
				CLANG_WARN_DEPRECATED_OBJC_IMPLEMENTATIONS = YES;
				CLANG_WARN_DIRECT_OBJC_ISA_USAGE = YES_ERROR;
				CLANG_WARN_DOCUMENTATION_COMMENTS = YES;
				CLANG_WARN_EMPTY_BODY = YES;
				CLANG_WARN_ENUM_CONVERSION = YES;
				CLANG_WARN_INFINITE_RECURSION = YES;
				CLANG_WARN_INT_CONVERSION = YES;
				CLANG_WARN_NON_LITERAL_NULL_CONVERSION = YES;
				CLANG_WARN_OBJC_IMPLICIT_RETAIN_SELF = YES;
				CLANG_WARN_OBJC_LITERAL_CONVERSION = YES;
				CLANG_WARN_OBJC_ROOT_CLASS = YES_ERROR;
				CLANG_WARN_QUOTED_INCLUDE_IN_FRAMEWORK_HEADER = YES;
				CLANG_WARN_RANGE_LOOP_ANALYSIS = YES;
				CLANG_WARN_STRICT_PROTOTYPES = YES;
				CLANG_WARN_SUSPICIOUS_MOVE = YES;
				CLANG_WARN_UNGUARDED_AVAILABILITY = YES_AGGRESSIVE;
				CLANG_WARN_UNREACHABLE_CODE = YES;
				CLANG_WARN__DUPLICATE_METHOD_MATCH = YES;
				COPY_PHASE_STRIP = NO;
				DEBUG_INFORMATION_FORMAT = dwarf;
				ENABLE_STRICT_OBJC_MSGSEND = YES;
				ENABLE_TESTABILITY = YES;
				GCC_C_LANGUAGE_STANDARD = gnu11;
				GCC_DYNAMIC_NO_PIC = NO;
				GCC_NO_COMMON_BLOCKS = YES;
				GCC_OPTIMIZATION_LEVEL = 0;
				GCC_PREPROCESSOR_DEFINITIONS = (
					"DEBUG=1",
					"$(inherited)",
				);
				GCC_WARN_64_TO_32_BIT_CONVERSION = YES;
				GCC_WARN_ABOUT_RETURN_TYPE = YES_ERROR;
				GCC_WARN_UNDECLARED_SELECTOR = YES;
				GCC_WARN_UNINITIALIZED_AUTOS = YES_AGGRESSIVE;
				GCC_WARN_UNUSED_FUNCTION = YES;
				GCC_WARN_UNUSED_VARIABLE = YES;
				IPHONEOS_DEPLOYMENT_TARGET = 16.2;
				MTL_ENABLE_DEBUG_INFO = INCLUDE_SOURCE;
				MTL_FAST_MATH = YES;
				ONLY_ACTIVE_ARCH = YES;
				SDKROOT = iphoneos;
				SWIFT_ACTIVE_COMPILATION_CONDITIONS = DEBUG;
				SWIFT_OPTIMIZATION_LEVEL = "-Onone";
			};
			name = Debug;
		};
		147A78E8295C9D2000882623 /* Release */ = {
			isa = XCBuildConfiguration;
			buildSettings = {
				ALWAYS_SEARCH_USER_PATHS = NO;
				CLANG_ANALYZER_NONNULL = YES;
				CLANG_ANALYZER_NUMBER_OBJECT_CONVERSION = YES_AGGRESSIVE;
				CLANG_CXX_LANGUAGE_STANDARD = "gnu++20";
				CLANG_ENABLE_MODULES = YES;
				CLANG_ENABLE_OBJC_ARC = YES;
				CLANG_ENABLE_OBJC_WEAK = YES;
				CLANG_WARN_BLOCK_CAPTURE_AUTORELEASING = YES;
				CLANG_WARN_BOOL_CONVERSION = YES;
				CLANG_WARN_COMMA = YES;
				CLANG_WARN_CONSTANT_CONVERSION = YES;
				CLANG_WARN_DEPRECATED_OBJC_IMPLEMENTATIONS = YES;
				CLANG_WARN_DIRECT_OBJC_ISA_USAGE = YES_ERROR;
				CLANG_WARN_DOCUMENTATION_COMMENTS = YES;
				CLANG_WARN_EMPTY_BODY = YES;
				CLANG_WARN_ENUM_CONVERSION = YES;
				CLANG_WARN_INFINITE_RECURSION = YES;
				CLANG_WARN_INT_CONVERSION = YES;
				CLANG_WARN_NON_LITERAL_NULL_CONVERSION = YES;
				CLANG_WARN_OBJC_IMPLICIT_RETAIN_SELF = YES;
				CLANG_WARN_OBJC_LITERAL_CONVERSION = YES;
				CLANG_WARN_OBJC_ROOT_CLASS = YES_ERROR;
				CLANG_WARN_QUOTED_INCLUDE_IN_FRAMEWORK_HEADER = YES;
				CLANG_WARN_RANGE_LOOP_ANALYSIS = YES;
				CLANG_WARN_STRICT_PROTOTYPES = YES;
				CLANG_WARN_SUSPICIOUS_MOVE = YES;
				CLANG_WARN_UNGUARDED_AVAILABILITY = YES_AGGRESSIVE;
				CLANG_WARN_UNREACHABLE_CODE = YES;
				CLANG_WARN__DUPLICATE_METHOD_MATCH = YES;
				COPY_PHASE_STRIP = NO;
				DEBUG_INFORMATION_FORMAT = "dwarf-with-dsym";
				ENABLE_NS_ASSERTIONS = NO;
				ENABLE_STRICT_OBJC_MSGSEND = YES;
				GCC_C_LANGUAGE_STANDARD = gnu11;
				GCC_NO_COMMON_BLOCKS = YES;
				GCC_WARN_64_TO_32_BIT_CONVERSION = YES;
				GCC_WARN_ABOUT_RETURN_TYPE = YES_ERROR;
				GCC_WARN_UNDECLARED_SELECTOR = YES;
				GCC_WARN_UNINITIALIZED_AUTOS = YES_AGGRESSIVE;
				GCC_WARN_UNUSED_FUNCTION = YES;
				GCC_WARN_UNUSED_VARIABLE = YES;
				IPHONEOS_DEPLOYMENT_TARGET = 16.2;
				MTL_ENABLE_DEBUG_INFO = NO;
				MTL_FAST_MATH = YES;
				SDKROOT = iphoneos;
				SWIFT_COMPILATION_MODE = wholemodule;
				SWIFT_OPTIMIZATION_LEVEL = "-O";
				VALIDATE_PRODUCT = YES;
			};
			name = Release;
		};
		147A78EA295C9D2000882623 /* Debug */ = {
			isa = XCBuildConfiguration;
			buildSettings = {
				ASSETCATALOG_COMPILER_APPICON_NAME = AppIcon;
				ASSETCATALOG_COMPILER_GLOBAL_ACCENT_COLOR_NAME = AccentColor;
				CODE_SIGN_STYLE = Automatic;
				CURRENT_PROJECT_VERSION = 1;
				DEVELOPMENT_TEAM = XE5D529J6R;
				GENERATE_INFOPLIST_FILE = YES;
				INFOPLIST_FILE = RickAndMorty/Info.plist;
				INFOPLIST_KEY_UIApplicationSupportsIndirectInputEvents = YES;
				INFOPLIST_KEY_UILaunchStoryboardName = LaunchScreen;
				INFOPLIST_KEY_UISupportedInterfaceOrientations = UIInterfaceOrientationPortrait;
				INFOPLIST_KEY_UISupportedInterfaceOrientations_iPad = "UIInterfaceOrientationLandscapeLeft UIInterfaceOrientationLandscapeRight UIInterfaceOrientationPortrait UIInterfaceOrientationPortraitUpsideDown";
				LD_RUNPATH_SEARCH_PATHS = (
					"$(inherited)",
					"@executable_path/Frameworks",
				);
				MARKETING_VERSION = 1.0;
				PRODUCT_BUNDLE_IDENTIFIER = com.njdevelopment.RickAndMorty;
				PRODUCT_NAME = "$(TARGET_NAME)";
				SWIFT_EMIT_LOC_STRINGS = YES;
				SWIFT_VERSION = 5.0;
				TARGETED_DEVICE_FAMILY = "1,2";
			};
			name = Debug;
		};
		147A78EB295C9D2000882623 /* Release */ = {
			isa = XCBuildConfiguration;
			buildSettings = {
				ASSETCATALOG_COMPILER_APPICON_NAME = AppIcon;
				ASSETCATALOG_COMPILER_GLOBAL_ACCENT_COLOR_NAME = AccentColor;
				CODE_SIGN_STYLE = Automatic;
				CURRENT_PROJECT_VERSION = 1;
				DEVELOPMENT_TEAM = XE5D529J6R;
				GENERATE_INFOPLIST_FILE = YES;
				INFOPLIST_FILE = RickAndMorty/Info.plist;
				INFOPLIST_KEY_UIApplicationSupportsIndirectInputEvents = YES;
				INFOPLIST_KEY_UILaunchStoryboardName = LaunchScreen;
				INFOPLIST_KEY_UISupportedInterfaceOrientations = UIInterfaceOrientationPortrait;
				INFOPLIST_KEY_UISupportedInterfaceOrientations_iPad = "UIInterfaceOrientationLandscapeLeft UIInterfaceOrientationLandscapeRight UIInterfaceOrientationPortrait UIInterfaceOrientationPortraitUpsideDown";
				LD_RUNPATH_SEARCH_PATHS = (
					"$(inherited)",
					"@executable_path/Frameworks",
				);
				MARKETING_VERSION = 1.0;
				PRODUCT_BUNDLE_IDENTIFIER = com.njdevelopment.RickAndMorty;
				PRODUCT_NAME = "$(TARGET_NAME)";
				SWIFT_EMIT_LOC_STRINGS = YES;
				SWIFT_VERSION = 5.0;
				TARGETED_DEVICE_FAMILY = "1,2";
			};
			name = Release;
		};
/* End XCBuildConfiguration section */

/* Begin XCConfigurationList section */
		147A78D0295C9D1D00882623 /* Build configuration list for PBXProject "RickAndMorty" */ = {
			isa = XCConfigurationList;
			buildConfigurations = (
				147A78E7295C9D2000882623 /* Debug */,
				147A78E8295C9D2000882623 /* Release */,
			);
			defaultConfigurationIsVisible = 0;
			defaultConfigurationName = Release;
		};
		147A78E9295C9D2000882623 /* Build configuration list for PBXNativeTarget "RickAndMorty" */ = {
			isa = XCConfigurationList;
			buildConfigurations = (
				147A78EA295C9D2000882623 /* Debug */,
				147A78EB295C9D2000882623 /* Release */,
			);
			defaultConfigurationIsVisible = 0;
			defaultConfigurationName = Release;
		};
/* End XCConfigurationList section */
	};
	rootObject = 147A78CD295C9D1D00882623 /* Project object */;
}
