// !$*UTF8*$!
{
	archiveVersion = 1;
	classes = {
	};
	objectVersion = 56;
	objects = {

/* Begin PBXBuildFile section */
		147A78D9295C9D1D00882623 /* AppDelegate.swift in Sources */ = {isa = PBXBuildFile; fileRef = 147A78D8295C9D1D00882623 /* AppDelegate.swift */; };
		147A78DB295C9D1D00882623 /* SceneDelegate.swift in Sources */ = {isa = PBXBuildFile; fileRef = 147A78DA295C9D1D00882623 /* SceneDelegate.swift */; };
		147A78DD295C9D1D00882623 /* RMTabBarController.swift in Sources */ = {isa = PBXBuildFile; fileRef = 147A78DC295C9D1D00882623 /* RMTabBarController.swift */; };
		147A78E0295C9D1D00882623 /* Main.storyboard in Resources */ = {isa = PBXBuildFile; fileRef = 147A78DE295C9D1D00882623 /* Main.storyboard */; };
		147A78E2295C9D2000882623 /* Assets.xcassets in Resources */ = {isa = PBXBuildFile; fileRef = 147A78E1295C9D2000882623 /* Assets.xcassets */; };
		147A78E5295C9D2000882623 /* LaunchScreen.storyboard in Resources */ = {isa = PBXBuildFile; fileRef = 147A78E3295C9D2000882623 /* LaunchScreen.storyboard */; };
		147A78F4295CA5BE00882623 /* Location.swift in Sources */ = {isa = PBXBuildFile; fileRef = 147A78F3295CA5BE00882623 /* Location.swift */; };
		147A78F6295CA5CF00882623 /* Character.swift in Sources */ = {isa = PBXBuildFile; fileRef = 147A78F5295CA5CF00882623 /* Character.swift */; };
		147A78F8295CA5D600882623 /* Episode.swift in Sources */ = {isa = PBXBuildFile; fileRef = 147A78F7295CA5D600882623 /* Episode.swift */; };
		147A78FB295CB76000882623 /* LocationViewController.swift in Sources */ = {isa = PBXBuildFile; fileRef = 147A78FA295CB76000882623 /* LocationViewController.swift */; };
		147A78FD295CB76800882623 /* CharacterViewController.swift in Sources */ = {isa = PBXBuildFile; fileRef = 147A78FC295CB76800882623 /* CharacterViewController.swift */; };
		147A78FF295CB77E00882623 /* EpisodeViewController.swift in Sources */ = {isa = PBXBuildFile; fileRef = 147A78FE295CB77E00882623 /* EpisodeViewController.swift */; };
		147A7901295CB78700882623 /* SettingsViewController.swift in Sources */ = {isa = PBXBuildFile; fileRef = 147A7900295CB78700882623 /* SettingsViewController.swift */; };
/* End PBXBuildFile section */

/* Begin PBXFileReference section */
		147A78D5295C9D1D00882623 /* RickAndMorty.app */ = {isa = PBXFileReference; explicitFileType = wrapper.application; includeInIndex = 0; path = RickAndMorty.app; sourceTree = BUILT_PRODUCTS_DIR; };
		147A78D8295C9D1D00882623 /* AppDelegate.swift */ = {isa = PBXFileReference; lastKnownFileType = sourcecode.swift; path = AppDelegate.swift; sourceTree = "<group>"; };
		147A78DA295C9D1D00882623 /* SceneDelegate.swift */ = {isa = PBXFileReference; lastKnownFileType = sourcecode.swift; path = SceneDelegate.swift; sourceTree = "<group>"; };
		147A78DC295C9D1D00882623 /* RMTabBarController.swift */ = {isa = PBXFileReference; lastKnownFileType = sourcecode.swift; path = RMTabBarController.swift; sourceTree = "<group>"; };
		147A78DF295C9D1D00882623 /* Base */ = {isa = PBXFileReference; lastKnownFileType = file.storyboard; name = Base; path = Base.lproj/Main.storyboard; sourceTree = "<group>"; };
		147A78E1295C9D2000882623 /* Assets.xcassets */ = {isa = PBXFileReference; lastKnownFileType = folder.assetcatalog; path = Assets.xcassets; sourceTree = "<group>"; };
		147A78E4295C9D2000882623 /* Base */ = {isa = PBXFileReference; lastKnownFileType = file.storyboard; name = Base; path = Base.lproj/LaunchScreen.storyboard; sourceTree = "<group>"; };
		147A78E6295C9D2000882623 /* Info.plist */ = {isa = PBXFileReference; lastKnownFileType = text.plist.xml; path = Info.plist; sourceTree = "<group>"; };
		147A78F3295CA5BE00882623 /* Location.swift */ = {isa = PBXFileReference; lastKnownFileType = sourcecode.swift; path = Location.swift; sourceTree = "<group>"; };
		147A78F5295CA5CF00882623 /* Character.swift */ = {isa = PBXFileReference; lastKnownFileType = sourcecode.swift; path = Character.swift; sourceTree = "<group>"; };
		147A78F7295CA5D600882623 /* Episode.swift */ = {isa = PBXFileReference; lastKnownFileType = sourcecode.swift; path = Episode.swift; sourceTree = "<group>"; };
		147A78FA295CB76000882623 /* LocationViewController.swift */ = {isa = PBXFileReference; lastKnownFileType = sourcecode.swift; path = LocationViewController.swift; sourceTree = "<group>"; };
		147A78FC295CB76800882623 /* CharacterViewController.swift */ = {isa = PBXFileReference; lastKnownFileType = sourcecode.swift; path = CharacterViewController.swift; sourceTree = "<group>"; };
		147A78FE295CB77E00882623 /* EpisodeViewController.swift */ = {isa = PBXFileReference; lastKnownFileType = sourcecode.swift; path = EpisodeViewController.swift; sourceTree = "<group>"; };
		147A7900295CB78700882623 /* SettingsViewController.swift */ = {isa = PBXFileReference; lastKnownFileType = sourcecode.swift; path = SettingsViewController.swift; sourceTree = "<group>"; };
/* End PBXFileReference section */

/* Begin PBXFrameworksBuildPhase section */
		147A78D2295C9D1D00882623 /* Frameworks */ = {
			isa = PBXFrameworksBuildPhase;
			buildActionMask = 2147483647;
			files = (
			);
			runOnlyForDeploymentPostprocessing = 0;
		};
/* End PBXFrameworksBuildPhase section */

/* Begin PBXGroup section */
		147A78CC295C9D1D00882623 = {
			isa = PBXGroup;
			children = (
				147A78D7295C9D1D00882623 /* RickAndMorty */,
				147A78D6295C9D1D00882623 /* Products */,
			);
			sourceTree = "<group>";
		};
		147A78D6295C9D1D00882623 /* Products */ = {
			isa = PBXGroup;
			children = (
				147A78D5295C9D1D00882623 /* RickAndMorty.app */,
			);
			name = Products;
			sourceTree = "<group>";
		};
		147A78D7295C9D1D00882623 /* RickAndMorty */ = {
			isa = PBXGroup;
			children = (
				147A78F2295CA50500882623 /* Resources */,
				147A78F1295CA4FC00882623 /* Managers */,
				147A78F0295CA4ED00882623 /* Network */,
				147A78ED295CA4AF00882623 /* Model */,
				147A78EF295CA4D400882623 /* View */,
				147A78EE295CA4B600882623 /* ViewModel */,
				147A78EC295CA49800882623 /* Controllers */,
				147A78DE295C9D1D00882623 /* Main.storyboard */,
				147A78E6295C9D2000882623 /* Info.plist */,
			);
			path = RickAndMorty;
			sourceTree = "<group>";
		};
		147A78EC295CA49800882623 /* Controllers */ = {
			isa = PBXGroup;
			children = (
				147A78F9295CA68A00882623 /* Core */,
			);
			name = Controllers;
			sourceTree = "<group>";
		};
		147A78ED295CA4AF00882623 /* Model */ = {
			isa = PBXGroup;
			children = (
				147A78F3295CA5BE00882623 /* Location.swift */,
				147A78F5295CA5CF00882623 /* Character.swift */,
				147A78F7295CA5D600882623 /* Episode.swift */,
			);
			name = Model;
			sourceTree = "<group>";
		};
		147A78EE295CA4B600882623 /* ViewModel */ = {
			isa = PBXGroup;
			children = (
			);
			name = ViewModel;
			sourceTree = "<group>";
		};
		147A78EF295CA4D400882623 /* View */ = {
			isa = PBXGroup;
			children = (
			);
			name = View;
			sourceTree = "<group>";
		};
		147A78F0295CA4ED00882623 /* Network */ = {
			isa = PBXGroup;
			children = (
			);
			name = Network;
			sourceTree = "<group>";
		};
		147A78F1295CA4FC00882623 /* Managers */ = {
			isa = PBXGroup;
			children = (
			);
			name = Managers;
			sourceTree = "<group>";
		};
		147A78F2295CA50500882623 /* Resources */ = {
			isa = PBXGroup;
			children = (
				147A78D8295C9D1D00882623 /* AppDelegate.swift */,
				147A78DA295C9D1D00882623 /* SceneDelegate.swift */,
				147A78E1295C9D2000882623 /* Assets.xcassets */,
				147A78E3295C9D2000882623 /* LaunchScreen.storyboard */,
			);
			name = Resources;
			sourceTree = "<group>";
		};
		147A78F9295CA68A00882623 /* Core */ = {
			isa = PBXGroup;
			children = (
				147A78DC295C9D1D00882623 /* RMTabBarController.swift */,
				147A78FC295CB76800882623 /* CharacterViewController.swift */,
				147A78FA295CB76000882623 /* LocationViewController.swift */,
				147A78FE295CB77E00882623 /* EpisodeViewController.swift */,
				147A7900295CB78700882623 /* SettingsViewController.swift */,
			);
			name = Core;
			sourceTree = "<group>";
		};
/* End PBXGroup section */

/* Begin PBXNativeTarget section */
		147A78D4295C9D1D00882623 /* RickAndMorty */ = {
			isa = PBXNativeTarget;
			buildConfigurationList = 147A78E9295C9D2000882623 /* Build configuration list for PBXNativeTarget "RickAndMorty" */;
			buildPhases = (
				147A78D1295C9D1D00882623 /* Sources */,
				147A78D2295C9D1D00882623 /* Frameworks */,
				147A78D3295C9D1D00882623 /* Resources */,
			);
			buildRules = (
			);
			dependencies = (
			);
			name = RickAndMorty;
			productName = RickAndMorty;
			productReference = 147A78D5295C9D1D00882623 /* RickAndMorty.app */;
			productType = "com.apple.product-type.application";
		};
/* End PBXNativeTarget section */

/* Begin PBXProject section */
		147A78CD295C9D1D00882623 /* Project object */ = {
			isa = PBXProject;
			attributes = {
				BuildIndependentTargetsInParallel = 1;
				LastSwiftUpdateCheck = 1420;
				LastUpgradeCheck = 1420;
				TargetAttributes = {
					147A78D4295C9D1D00882623 = {
						CreatedOnToolsVersion = 14.2;
					};
				};
			};
			buildConfigurationList = 147A78D0295C9D1D00882623 /* Build configuration list for PBXProject "RickAndMorty" */;
			compatibilityVersion = "Xcode 14.0";
			developmentRegion = en;
			hasScannedForEncodings = 0;
			knownRegions = (
				en,
				Base,
			);
			mainGroup = 147A78CC295C9D1D00882623;
			productRefGroup = 147A78D6295C9D1D00882623 /* Products */;
			projectDirPath = "";
			projectRoot = "";
			targets = (
				147A78D4295C9D1D00882623 /* RickAndMorty */,
			);
		};
/* End PBXProject section */

/* Begin PBXResourcesBuildPhase section */
		147A78D3295C9D1D00882623 /* Resources */ = {
			isa = PBXResourcesBuildPhase;
			buildActionMask = 2147483647;
			files = (
				147A78E5295C9D2000882623 /* LaunchScreen.storyboard in Resources */,
				147A78E2295C9D2000882623 /* Assets.xcassets in Resources */,
				147A78E0295C9D1D00882623 /* Main.storyboard in Resources */,
			);
			runOnlyForDeploymentPostprocessing = 0;
		};
/* End PBXResourcesBuildPhase section */

/* Begin PBXSourcesBuildPhase section */
		147A78D1295C9D1D00882623 /* Sources */ = {
			isa = PBXSourcesBuildPhase;
			buildActionMask = 2147483647;
			files = (
				147A78FB295CB76000882623 /* LocationViewController.swift in Sources */,
				147A78FF295CB77E00882623 /* EpisodeViewController.swift in Sources */,
				147A78DD295C9D1D00882623 /* RMTabBarController.swift in Sources */,
				147A7901295CB78700882623 /* SettingsViewController.swift in Sources */,
				147A78F8295CA5D600882623 /* Episode.swift in Sources */,
				147A78D9295C9D1D00882623 /* AppDelegate.swift in Sources */,
				147A78FD295CB76800882623 /* CharacterViewController.swift in Sources */,
				147A78F6295CA5CF00882623 /* Character.swift in Sources */,
				147A78F4295CA5BE00882623 /* Location.swift in Sources */,
				147A78DB295C9D1D00882623 /* SceneDelegate.swift in Sources */,
			);
			runOnlyForDeploymentPostprocessing = 0;
		};
/* End PBXSourcesBuildPhase section */

/* Begin PBXVariantGroup section */
		147A78DE295C9D1D00882623 /* Main.storyboard */ = {
			isa = PBXVariantGroup;
			children = (
				147A78DF295C9D1D00882623 /* Base */,
			);
			name = Main.storyboard;
			sourceTree = "<group>";
		};
		147A78E3295C9D2000882623 /* LaunchScreen.storyboard */ = {
			isa = PBXVariantGroup;
			children = (
				147A78E4295C9D2000882623 /* Base */,
			);
			name = LaunchScreen.storyboard;
			sourceTree = "<group>";
		};
/* End PBXVariantGroup section */

/* Begin XCBuildConfiguration section */
		147A78E7295C9D2000882623 /* Debug */ = {
			isa = XCBuildConfiguration;
			buildSettings = {
				ALWAYS_SEARCH_USER_PATHS = NO;
				CLANG_ANALYZER_NONNULL = YES;
				CLANG_ANALYZER_NUMBER_OBJECT_CONVERSION = YES_AGGRESSIVE;
				CLANG_CXX_LANGUAGE_STANDARD = "gnu++20";
				CLANG_ENABLE_MODULES = YES;
				CLANG_ENABLE_OBJC_ARC = YES;
				CLANG_ENABLE_OBJC_WEAK = YES;
				CLANG_WARN_BLOCK_CAPTURE_AUTORELEASING = YES;
				CLANG_WARN_BOOL_CONVERSION = YES;
				CLANG_WARN_COMMA = YES;
				CLANG_WARN_CONSTANT_CONVERSION = YES;
				CLANG_WARN_DEPRECATED_OBJC_IMPLEMENTATIONS = YES;
				CLANG_WARN_DIRECT_OBJC_ISA_USAGE = YES_ERROR;
				CLANG_WARN_DOCUMENTATION_COMMENTS = YES;
				CLANG_WARN_EMPTY_BODY = YES;
				CLANG_WARN_ENUM_CONVERSION = YES;
				CLANG_WARN_INFINITE_RECURSION = YES;
				CLANG_WARN_INT_CONVERSION = YES;
				CLANG_WARN_NON_LITERAL_NULL_CONVERSION = YES;
				CLANG_WARN_OBJC_IMPLICIT_RETAIN_SELF = YES;
				CLANG_WARN_OBJC_LITERAL_CONVERSION = YES;
				CLANG_WARN_OBJC_ROOT_CLASS = YES_ERROR;
				CLANG_WARN_QUOTED_INCLUDE_IN_FRAMEWORK_HEADER = YES;
				CLANG_WARN_RANGE_LOOP_ANALYSIS = YES;
				CLANG_WARN_STRICT_PROTOTYPES = YES;
				CLANG_WARN_SUSPICIOUS_MOVE = YES;
				CLANG_WARN_UNGUARDED_AVAILABILITY = YES_AGGRESSIVE;
				CLANG_WARN_UNREACHABLE_CODE = YES;
				CLANG_WARN__DUPLICATE_METHOD_MATCH = YES;
				COPY_PHASE_STRIP = NO;
				DEBUG_INFORMATION_FORMAT = dwarf;
				ENABLE_STRICT_OBJC_MSGSEND = YES;
				ENABLE_TESTABILITY = YES;
				GCC_C_LANGUAGE_STANDARD = gnu11;
				GCC_DYNAMIC_NO_PIC = NO;
				GCC_NO_COMMON_BLOCKS = YES;
				GCC_OPTIMIZATION_LEVEL = 0;
				GCC_PREPROCESSOR_DEFINITIONS = (
					"DEBUG=1",
					"$(inherited)",
				);
				GCC_WARN_64_TO_32_BIT_CONVERSION = YES;
				GCC_WARN_ABOUT_RETURN_TYPE = YES_ERROR;
				GCC_WARN_UNDECLARED_SELECTOR = YES;
				GCC_WARN_UNINITIALIZED_AUTOS = YES_AGGRESSIVE;
				GCC_WARN_UNUSED_FUNCTION = YES;
				GCC_WARN_UNUSED_VARIABLE = YES;
				IPHONEOS_DEPLOYMENT_TARGET = 16.2;
				MTL_ENABLE_DEBUG_INFO = INCLUDE_SOURCE;
				MTL_FAST_MATH = YES;
				ONLY_ACTIVE_ARCH = YES;
				SDKROOT = iphoneos;
				SWIFT_ACTIVE_COMPILATION_CONDITIONS = DEBUG;
				SWIFT_OPTIMIZATION_LEVEL = "-Onone";
			};
			name = Debug;
		};
		147A78E8295C9D2000882623 /* Release */ = {
			isa = XCBuildConfiguration;
			buildSettings = {
				ALWAYS_SEARCH_USER_PATHS = NO;
				CLANG_ANALYZER_NONNULL = YES;
				CLANG_ANALYZER_NUMBER_OBJECT_CONVERSION = YES_AGGRESSIVE;
				CLANG_CXX_LANGUAGE_STANDARD = "gnu++20";
				CLANG_ENABLE_MODULES = YES;
				CLANG_ENABLE_OBJC_ARC = YES;
				CLANG_ENABLE_OBJC_WEAK = YES;
				CLANG_WARN_BLOCK_CAPTURE_AUTORELEASING = YES;
				CLANG_WARN_BOOL_CONVERSION = YES;
				CLANG_WARN_COMMA = YES;
				CLANG_WARN_CONSTANT_CONVERSION = YES;
				CLANG_WARN_DEPRECATED_OBJC_IMPLEMENTATIONS = YES;
				CLANG_WARN_DIRECT_OBJC_ISA_USAGE = YES_ERROR;
				CLANG_WARN_DOCUMENTATION_COMMENTS = YES;
				CLANG_WARN_EMPTY_BODY = YES;
				CLANG_WARN_ENUM_CONVERSION = YES;
				CLANG_WARN_INFINITE_RECURSION = YES;
				CLANG_WARN_INT_CONVERSION = YES;
				CLANG_WARN_NON_LITERAL_NULL_CONVERSION = YES;
				CLANG_WARN_OBJC_IMPLICIT_RETAIN_SELF = YES;
				CLANG_WARN_OBJC_LITERAL_CONVERSION = YES;
				CLANG_WARN_OBJC_ROOT_CLASS = YES_ERROR;
				CLANG_WARN_QUOTED_INCLUDE_IN_FRAMEWORK_HEADER = YES;
				CLANG_WARN_RANGE_LOOP_ANALYSIS = YES;
				CLANG_WARN_STRICT_PROTOTYPES = YES;
				CLANG_WARN_SUSPICIOUS_MOVE = YES;
				CLANG_WARN_UNGUARDED_AVAILABILITY = YES_AGGRESSIVE;
				CLANG_WARN_UNREACHABLE_CODE = YES;
				CLANG_WARN__DUPLICATE_METHOD_MATCH = YES;
				COPY_PHASE_STRIP = NO;
				DEBUG_INFORMATION_FORMAT = "dwarf-with-dsym";
				ENABLE_NS_ASSERTIONS = NO;
				ENABLE_STRICT_OBJC_MSGSEND = YES;
				GCC_C_LANGUAGE_STANDARD = gnu11;
				GCC_NO_COMMON_BLOCKS = YES;
				GCC_WARN_64_TO_32_BIT_CONVERSION = YES;
				GCC_WARN_ABOUT_RETURN_TYPE = YES_ERROR;
				GCC_WARN_UNDECLARED_SELECTOR = YES;
				GCC_WARN_UNINITIALIZED_AUTOS = YES_AGGRESSIVE;
				GCC_WARN_UNUSED_FUNCTION = YES;
				GCC_WARN_UNUSED_VARIABLE = YES;
				IPHONEOS_DEPLOYMENT_TARGET = 16.2;
				MTL_ENABLE_DEBUG_INFO = NO;
				MTL_FAST_MATH = YES;
				SDKROOT = iphoneos;
				SWIFT_COMPILATION_MODE = wholemodule;
				SWIFT_OPTIMIZATION_LEVEL = "-O";
				VALIDATE_PRODUCT = YES;
			};
			name = Release;
		};
		147A78EA295C9D2000882623 /* Debug */ = {
			isa = XCBuildConfiguration;
			buildSettings = {
				ASSETCATALOG_COMPILER_APPICON_NAME = AppIcon;
				ASSETCATALOG_COMPILER_GLOBAL_ACCENT_COLOR_NAME = AccentColor;
				CODE_SIGN_STYLE = Automatic;
				CURRENT_PROJECT_VERSION = 1;
				DEVELOPMENT_TEAM = XE5D529J6R;
				GENERATE_INFOPLIST_FILE = YES;
				INFOPLIST_FILE = RickAndMorty/Info.plist;
				INFOPLIST_KEY_UIApplicationSupportsIndirectInputEvents = YES;
				INFOPLIST_KEY_UILaunchStoryboardName = LaunchScreen;
				INFOPLIST_KEY_UISupportedInterfaceOrientations = UIInterfaceOrientationPortrait;
				INFOPLIST_KEY_UISupportedInterfaceOrientations_iPad = "UIInterfaceOrientationLandscapeLeft UIInterfaceOrientationLandscapeRight UIInterfaceOrientationPortrait UIInterfaceOrientationPortraitUpsideDown";
				LD_RUNPATH_SEARCH_PATHS = (
					"$(inherited)",
					"@executable_path/Frameworks",
				);
				MARKETING_VERSION = 1.0;
				PRODUCT_BUNDLE_IDENTIFIER = com.njdevelopment.RickAndMorty;
				PRODUCT_NAME = "$(TARGET_NAME)";
				SWIFT_EMIT_LOC_STRINGS = YES;
				SWIFT_VERSION = 5.0;
				TARGETED_DEVICE_FAMILY = "1,2";
			};
			name = Debug;
		};
		147A78EB295C9D2000882623 /* Release */ = {
			isa = XCBuildConfiguration;
			buildSettings = {
				ASSETCATALOG_COMPILER_APPICON_NAME = AppIcon;
				ASSETCATALOG_COMPILER_GLOBAL_ACCENT_COLOR_NAME = AccentColor;
				CODE_SIGN_STYLE = Automatic;
				CURRENT_PROJECT_VERSION = 1;
				DEVELOPMENT_TEAM = XE5D529J6R;
				GENERATE_INFOPLIST_FILE = YES;
				INFOPLIST_FILE = RickAndMorty/Info.plist;
				INFOPLIST_KEY_UIApplicationSupportsIndirectInputEvents = YES;
				INFOPLIST_KEY_UILaunchStoryboardName = LaunchScreen;
				INFOPLIST_KEY_UISupportedInterfaceOrientations = UIInterfaceOrientationPortrait;
				INFOPLIST_KEY_UISupportedInterfaceOrientations_iPad = "UIInterfaceOrientationLandscapeLeft UIInterfaceOrientationLandscapeRight UIInterfaceOrientationPortrait UIInterfaceOrientationPortraitUpsideDown";
				LD_RUNPATH_SEARCH_PATHS = (
					"$(inherited)",
					"@executable_path/Frameworks",
				);
				MARKETING_VERSION = 1.0;
				PRODUCT_BUNDLE_IDENTIFIER = com.njdevelopment.RickAndMorty;
				PRODUCT_NAME = "$(TARGET_NAME)";
				SWIFT_EMIT_LOC_STRINGS = YES;
				SWIFT_VERSION = 5.0;
				TARGETED_DEVICE_FAMILY = "1,2";
			};
			name = Release;
		};
/* End XCBuildConfiguration section */

/* Begin XCConfigurationList section */
		147A78D0295C9D1D00882623 /* Build configuration list for PBXProject "RickAndMorty" */ = {
			isa = XCConfigurationList;
			buildConfigurations = (
				147A78E7295C9D2000882623 /* Debug */,
				147A78E8295C9D2000882623 /* Release */,
			);
			defaultConfigurationIsVisible = 0;
			defaultConfigurationName = Release;
		};
		147A78E9295C9D2000882623 /* Build configuration list for PBXNativeTarget "RickAndMorty" */ = {
			isa = XCConfigurationList;
			buildConfigurations = (
				147A78EA295C9D2000882623 /* Debug */,
				147A78EB295C9D2000882623 /* Release */,
			);
			defaultConfigurationIsVisible = 0;
			defaultConfigurationName = Release;
		};
/* End XCConfigurationList section */
	};
	rootObject = 147A78CD295C9D1D00882623 /* Project object */;
}
